
Microsoft Visual Studio Solution File, Format Version 12.00
# Visual Studio Version 17
VisualStudioVersion = 17.10.35013.160
MinimumVisualStudioVersion = 10.0.40219.1
Project("{FAE04EC0-301F-11D3-BF4B-00C04F79EFBC}") = "MultiTenancy", "MultiTenancy\MultiTenancy.csproj", "{5AC9A10C-1E04-493C-B357-931B1364618A}"
EndProject
Global
	GlobalSection(SolutionConfigurationPlatforms) = preSolution
		Debug|Any CPU = Debug|Any CPU
		Release|Any CPU = Release|Any CPU
	EndGlobalSection
	GlobalSection(ProjectConfigurationPlatforms) = postSolution
		{5AC9A10C-1E04-493C-B357-931B1364618A}.Debug|Any CPU.ActiveCfg = Debug|Any CPU
		{5AC9A10C-1E04-493C-B357-931B1364618A}.Debug|Any CPU.Build.0 = Debug|Any CPU
		{5AC9A10C-1E04-493C-B357-931B1364618A}.Release|Any CPU.ActiveCfg = Release|Any CPU
		{5AC9A10C-1E04-493C-B357-931B1364618A}.Release|Any CPU.Build.0 = Release|Any CPU
	EndGlobalSection
	GlobalSection(SolutionProperties) = preSolution
		HideSolutionNode = FALSE
	EndGlobalSection
	GlobalSection(ExtensibilityGlobals) = postSolution
		SolutionGuid = {88E931B2-B094-4A09-BF6C-B7328241D097}
	EndGlobalSection
EndGlobal
